
Microsoft Visual Studio Solution File, Format Version 12.00
# Visual Studio 14
VisualStudioVersion = 14.0.25420.1
MinimumVisualStudioVersion = 10.0.40219.1
Project("{FAE04EC0-301F-11D3-BF4B-00C04F79EFBC}") = "Cfa533Rs232Driver", "Cfa533Rs232Driver\Cfa533Rs232Driver.csproj", "{D4265574-93AF-4C7A-B6C9-83C1A6B3C245}"
EndProject
Project("{FAE04EC0-301F-11D3-BF4B-00C04F79EFBC}") = "Cfa533Rs232DriverTest", "Cfa533Rs232DriverTest\Cfa533Rs232DriverTest.csproj", "{577EFD23-EA76-4A9C-9F77-A568132774C4}"
EndProject
Project("{FAE04EC0-301F-11D3-BF4B-00C04F79EFBC}") = "Cfa533Rs232Tool", "Cfa533Rs232Tool\Cfa533Rs232Tool.csproj", "{655A95BC-E1BD-46B0-AE02-79518F2DEDC2}"
EndProject
Global
	GlobalSection(SolutionConfigurationPlatforms) = preSolution
		Debug|Any CPU = Debug|Any CPU
		Release|Any CPU = Release|Any CPU
	EndGlobalSection
	GlobalSection(ProjectConfigurationPlatforms) = postSolution
		{D4265574-93AF-4C7A-B6C9-83C1A6B3C245}.Debug|Any CPU.ActiveCfg = Debug|Any CPU
		{D4265574-93AF-4C7A-B6C9-83C1A6B3C245}.Debug|Any CPU.Build.0 = Debug|Any CPU
		{D4265574-93AF-4C7A-B6C9-83C1A6B3C245}.Release|Any CPU.ActiveCfg = Release|Any CPU
		{D4265574-93AF-4C7A-B6C9-83C1A6B3C245}.Release|Any CPU.Build.0 = Release|Any CPU
		{577EFD23-EA76-4A9C-9F77-A568132774C4}.Debug|Any CPU.ActiveCfg = Debug|Any CPU
		{577EFD23-EA76-4A9C-9F77-A568132774C4}.Debug|Any CPU.Build.0 = Debug|Any CPU
		{577EFD23-EA76-4A9C-9F77-A568132774C4}.Release|Any CPU.ActiveCfg = Release|Any CPU
		{577EFD23-EA76-4A9C-9F77-A568132774C4}.Release|Any CPU.Build.0 = Release|Any CPU
		{655A95BC-E1BD-46B0-AE02-79518F2DEDC2}.Debug|Any CPU.ActiveCfg = Debug|Any CPU
		{655A95BC-E1BD-46B0-AE02-79518F2DEDC2}.Debug|Any CPU.Build.0 = Debug|Any CPU
		{655A95BC-E1BD-46B0-AE02-79518F2DEDC2}.Release|Any CPU.ActiveCfg = Release|Any CPU
		{655A95BC-E1BD-46B0-AE02-79518F2DEDC2}.Release|Any CPU.Build.0 = Release|Any CPU
	EndGlobalSection
	GlobalSection(SolutionProperties) = preSolution
		HideSolutionNode = FALSE
	EndGlobalSection
EndGlobal
